
Microsoft Visual Studio Solution File, Format Version 12.00
# Visual Studio Version 16
VisualStudioVersion = 16.0.31702.278
MinimumVisualStudioVersion = 10.0.40219.1
Project("{8BC9CEB8-8B4A-11D0-8D11-00A0C91BC942}") = "Btd6Helper", "Btd6Helper.vcxproj", "{3CE60B03-8F2F-412E-BB37-0D1738879A8B}"
EndProject
Global
	GlobalSection(SolutionConfigurationPlatforms) = preSolution
		Debug|x64 = Debug|x64
		Debug|x86 = Debug|x86
		Release|x64 = Release|x64
		Release|x86 = Release|x86
	EndGlobalSection
	GlobalSection(ProjectConfigurationPlatforms) = postSolution
		{3CE60B03-8F2F-412E-BB37-0D1738879A8B}.Debug|x64.ActiveCfg = Debug|x64
		{3CE60B03-8F2F-412E-BB37-0D1738879A8B}.Debug|x64.Build.0 = Debug|x64
		{3CE60B03-8F2F-412E-BB37-0D1738879A8B}.Debug|x86.ActiveCfg = Debug|Win32
		{3CE60B03-8F2F-412E-BB37-0D1738879A8B}.Debug|x86.Build.0 = Debug|Win32
		{3CE60B03-8F2F-412E-BB37-0D1738879A8B}.Release|x64.ActiveCfg = Release|x64
		{3CE60B03-8F2F-412E-BB37-0D1738879A8B}.Release|x64.Build.0 = Release|x64
		{3CE60B03-8F2F-412E-BB37-0D1738879A8B}.Release|x86.ActiveCfg = Release|Win32
		{3CE60B03-8F2F-412E-BB37-0D1738879A8B}.Release|x86.Build.0 = Release|Win32
	EndGlobalSection
	GlobalSection(SolutionProperties) = preSolution
		HideSolutionNode = FALSE
	EndGlobalSection
	GlobalSection(ExtensibilityGlobals) = postSolution
		SolutionGuid = {C85E6F13-8BF1-403E-BF2E-B4AD11004E5E}
	EndGlobalSection
EndGlobal
